
Microsoft Visual Studio Solution File, Format Version 12.00
# Visual Studio Version 17
VisualStudioVersion = 17.10.35122.118
MinimumVisualStudioVersion = 10.0.40219.1
Project("{FAE04EC0-301F-11D3-BF4B-00C04F79EFBC}") = "Console.Confluent.Kafka.Produtor", "Console.Confluent.Kafka.Produtor\Console.Confluent.Kafka.Produtor.csproj", "{7557D618-04CE-4C82-B328-3F2223B9FB18}"
EndProject
Project("{FAE04EC0-301F-11D3-BF4B-00C04F79EFBC}") = "Console.Confluent.Kafka.Consumidor", "Console.Confluent.Kafka.Consumidor\Console.Confluent.Kafka.Consumidor.csproj", "{496C2172-ADC6-496B-9628-09D4BC63B69D}"
EndProject
Global
	GlobalSection(SolutionConfigurationPlatforms) = preSolution
		Debug|Any CPU = Debug|Any CPU
		Release|Any CPU = Release|Any CPU
	EndGlobalSection
	GlobalSection(ProjectConfigurationPlatforms) = postSolution
		{7557D618-04CE-4C82-B328-3F2223B9FB18}.Debug|Any CPU.ActiveCfg = Debug|Any CPU
		{7557D618-04CE-4C82-B328-3F2223B9FB18}.Debug|Any CPU.Build.0 = Debug|Any CPU
		{7557D618-04CE-4C82-B328-3F2223B9FB18}.Release|Any CPU.ActiveCfg = Release|Any CPU
		{7557D618-04CE-4C82-B328-3F2223B9FB18}.Release|Any CPU.Build.0 = Release|Any CPU
		{496C2172-ADC6-496B-9628-09D4BC63B69D}.Debug|Any CPU.ActiveCfg = Debug|Any CPU
		{496C2172-ADC6-496B-9628-09D4BC63B69D}.Debug|Any CPU.Build.0 = Debug|Any CPU
		{496C2172-ADC6-496B-9628-09D4BC63B69D}.Release|Any CPU.ActiveCfg = Release|Any CPU
		{496C2172-ADC6-496B-9628-09D4BC63B69D}.Release|Any CPU.Build.0 = Release|Any CPU
	EndGlobalSection
	GlobalSection(SolutionProperties) = preSolution
		HideSolutionNode = FALSE
	EndGlobalSection
	GlobalSection(ExtensibilityGlobals) = postSolution
		SolutionGuid = {AA707160-0C91-4C3F-9177-46A3F9829A1A}
	EndGlobalSection
EndGlobal
